
Microsoft Visual Studio Solution File, Format Version 12.00
# Visual Studio Version 17
VisualStudioVersion = 17.0.31903.59
MinimumVisualStudioVersion = 10.0.40219.1
Project("{FAE04EC0-301F-11D3-BF4B-00C04F79EFBC}") = "Shopping.Client", "Shopping.Client\Shopping.Client.csproj", "{40DEEDE8-19D6-49C5-AB9F-5737CC714002}"
EndProject
Project("{FAE04EC0-301F-11D3-BF4B-00C04F79EFBC}") = "Shopping.Api", "Shopping.Api\Shopping.Api.csproj", "{FE9622B5-4B41-4895-8E7E-15A9EF66E8EC}"
EndProject
Global
	GlobalSection(SolutionConfigurationPlatforms) = preSolution
		Debug|Any CPU = Debug|Any CPU
		Release|Any CPU = Release|Any CPU
	EndGlobalSection
	GlobalSection(SolutionProperties) = preSolution
		HideSolutionNode = FALSE
	EndGlobalSection
	GlobalSection(ProjectConfigurationPlatforms) = postSolution
		{40DEEDE8-19D6-49C5-AB9F-5737CC714002}.Debug|Any CPU.ActiveCfg = Debug|Any CPU
		{40DEEDE8-19D6-49C5-AB9F-5737CC714002}.Debug|Any CPU.Build.0 = Debug|Any CPU
		{40DEEDE8-19D6-49C5-AB9F-5737CC714002}.Release|Any CPU.ActiveCfg = Release|Any CPU
		{40DEEDE8-19D6-49C5-AB9F-5737CC714002}.Release|Any CPU.Build.0 = Release|Any CPU
		{FE9622B5-4B41-4895-8E7E-15A9EF66E8EC}.Debug|Any CPU.ActiveCfg = Debug|Any CPU
		{FE9622B5-4B41-4895-8E7E-15A9EF66E8EC}.Debug|Any CPU.Build.0 = Debug|Any CPU
		{FE9622B5-4B41-4895-8E7E-15A9EF66E8EC}.Release|Any CPU.ActiveCfg = Release|Any CPU
		{FE9622B5-4B41-4895-8E7E-15A9EF66E8EC}.Release|Any CPU.Build.0 = Release|Any CPU
	EndGlobalSection
EndGlobal
